PODS:
  - Embassy (4.0.8)
  - SwiftLint (0.27.0)

DEPENDENCIES:
  - Embassy (~> 4.0)
  - SwiftLint

SPEC REPOS:
  https://github.com/cocoapods/specs.git:
    - Embassy
    - SwiftLint

SPEC CHECKSUMS:
  Embassy: fe6a3f8dd2d705881c172dcb144fb97b9408f4cd
  SwiftLint: 3207c1faa2240bf8973b191820a116113cd11073

PODFILE CHECKSUM: 47568df8fbe2b6bde46e2c209311b44a3b84ab80

COCOAPODS: 1.5.3
