// !$*UTF8*$!
{
	archiveVersion = 1;
	classes = {
	};
	objectVersion = 50;
	objects = {

/* Begin PBXBuildFile section */
		C382F74C21C4379300886836 /* AppDelegate.swift in Sources */ = {isa = PBXBuildFile; fileRef = C382F74B21C4379300886836 /* AppDelegate.swift */; };
		C382F74E21C4379300886836 /* ViewController.swift in Sources */ = {isa = PBXBuildFile; fileRef = C382F74D21C4379300886836 /* ViewController.swift */; };
		C382F75121C4379300886836 /* Main.storyboard in Resources */ = {isa = PBXBuildFile; fileRef = C382F74F21C4379300886836 /* Main.storyboard */; };
		C382F75321C4379500886836 /* Assets.xcassets in Resources */ = {isa = PBXBuildFile; fileRef = C382F75221C4379500886836 /* Assets.xcassets */; };
		C382F75621C4379500886836 /* LaunchScreen.storyboard in Resources */ = {isa = PBXBuildFile; fileRef = C382F75421C4379500886836 /* LaunchScreen.storyboard */; };
		C382F76121C4379500886836 /* EasynvestSimulatorTests.swift in Sources */ = {isa = PBXBuildFile; fileRef = C382F76021C4379500886836 /* EasynvestSimulatorTests.swift */; };
/* End PBXBuildFile section */

/* Begin PBXContainerItemProxy section */
		C382F75D21C4379500886836 /* PBXContainerItemProxy */ = {
			isa = PBXContainerItemProxy;
			containerPortal = C382F74021C4379300886836 /* Project object */;
			proxyType = 1;
			remoteGlobalIDString = C382F74721C4379300886836;
			remoteInfo = EasynvestSimulator;
		};
/* End PBXContainerItemProxy section */

/* Begin PBXFileReference section */
		C382F74821C4379300886836 /* EasynvestSimulator.app */ = {isa = PBXFileReference; explicitFileType = wrapper.application; includeInIndex = 0; path = EasynvestSimulator.app; sourceTree = BUILT_PRODUCTS_DIR; };
		C382F74B21C4379300886836 /* AppDelegate.swift */ = {isa = PBXFileReference; lastKnownFileType = sourcecode.swift; path = AppDelegate.swift; sourceTree = "<group>"; };
		C382F74D21C4379300886836 /* ViewController.swift */ = {isa = PBXFileReference; lastKnownFileType = sourcecode.swift; path = ViewController.swift; sourceTree = "<group>"; };
		C382F75021C4379300886836 /* Base */ = {isa = PBXFileReference; lastKnownFileType = file.storyboard; name = Base; path = Base.lproj/Main.storyboard; sourceTree = "<group>"; };
		C382F75221C4379500886836 /* Assets.xcassets */ = {isa = PBXFileReference; lastKnownFileType = folder.assetcatalog; path = Assets.xcassets; sourceTree = "<group>"; };
		C382F75521C4379500886836 /* Base */ = {isa = PBXFileReference; lastKnownFileType = file.storyboard; name = Base; path = Base.lproj/LaunchScreen.storyboard; sourceTree = "<group>"; };
		C382F75721C4379500886836 /* Info.plist */ = {isa = PBXFileReference; lastKnownFileType = text.plist.xml; path = Info.plist; sourceTree = "<group>"; };
		C382F75C21C4379500886836 /* EasynvestSimulatorTests.xctest */ = {isa = PBXFileReference; explicitFileType = wrapper.cfbundle; includeInIndex = 0; path = EasynvestSimulatorTests.xctest; sourceTree = BUILT_PRODUCTS_DIR; };
		C382F76021C4379500886836 /* EasynvestSimulatorTests.swift */ = {isa = PBXFileReference; lastKnownFileType = sourcecode.swift; path = EasynvestSimulatorTests.swift; sourceTree = "<group>"; };
		C382F76221C4379500886836 /* Info.plist */ = {isa = PBXFileReference; lastKnownFileType = text.plist.xml; path = Info.plist; sourceTree = "<group>"; };
/* End PBXFileReference section */

/* Begin PBXFrameworksBuildPhase section */
		C382F74521C4379300886836 /* Frameworks */ = {
			isa = PBXFrameworksBuildPhase;
			buildActionMask = 2147483647;
			files = (
			);
			runOnlyForDeploymentPostprocessing = 0;
		};
		C382F75921C4379500886836 /* Frameworks */ = {
			isa = PBXFrameworksBuildPhase;
			buildActionMask = 2147483647;
			files = (
			);
			runOnlyForDeploymentPostprocessing = 0;
		};
/* End PBXFrameworksBuildPhase section */

/* Begin PBXGroup section */
		C382F73F21C4379300886836 = {
			isa = PBXGroup;
			children = (
				C382F74A21C4379300886836 /* EasynvestSimulator */,
				C382F75F21C4379500886836 /* EasynvestSimulatorTests */,
				C382F74921C4379300886836 /* Products */,
			);
			sourceTree = "<group>";
		};
		C382F74921C4379300886836 /* Products */ = {
			isa = PBXGroup;
			children = (
				C382F74821C4379300886836 /* EasynvestSimulator.app */,
				C382F75C21C4379500886836 /* EasynvestSimulatorTests.xctest */,
			);
			name = Products;
			sourceTree = "<group>";
		};
		C382F74A21C4379300886836 /* EasynvestSimulator */ = {
			isa = PBXGroup;
			children = (
				C382F74B21C4379300886836 /* AppDelegate.swift */,
				C382F74D21C4379300886836 /* ViewController.swift */,
				C382F74F21C4379300886836 /* Main.storyboard */,
				C382F75221C4379500886836 /* Assets.xcassets */,
				C382F75421C4379500886836 /* LaunchScreen.storyboard */,
				C382F75721C4379500886836 /* Info.plist */,
			);
			path = EasynvestSimulator;
			sourceTree = "<group>";
		};
		C382F75F21C4379500886836 /* EasynvestSimulatorTests */ = {
			isa = PBXGroup;
			children = (
				C382F76021C4379500886836 /* EasynvestSimulatorTests.swift */,
				C382F76221C4379500886836 /* Info.plist */,
			);
			path = EasynvestSimulatorTests;
			sourceTree = "<group>";
		};
/* End PBXGroup section */

/* Begin PBXNativeTarget section */
		C382F74721C4379300886836 /* EasynvestSimulator */ = {
			isa = PBXNativeTarget;
			buildConfigurationList = C382F76521C4379500886836 /* Build configuration list for PBXNativeTarget "EasynvestSimulator" */;
			buildPhases = (
				C382F74421C4379300886836 /* Sources */,
				C382F74521C4379300886836 /* Frameworks */,
				C382F74621C4379300886836 /* Resources */,
			);
			buildRules = (
			);
			dependencies = (
			);
			name = EasynvestSimulator;
			productName = EasynvestSimulator;
			productReference = C382F74821C4379300886836 /* EasynvestSimulator.app */;
			productType = "com.apple.product-type.application";
		};
		C382F75B21C4379500886836 /* EasynvestSimulatorTests */ = {
			isa = PBXNativeTarget;
			buildConfigurationList = C382F76821C4379500886836 /* Build configuration list for PBXNativeTarget "EasynvestSimulatorTests" */;
			buildPhases = (
				C382F75821C4379500886836 /* Sources */,
				C382F75921C4379500886836 /* Frameworks */,
				C382F75A21C4379500886836 /* Resources */,
			);
			buildRules = (
			);
			dependencies = (
				C382F75E21C4379500886836 /* PBXTargetDependency */,
			);
			name = EasynvestSimulatorTests;
			productName = EasynvestSimulatorTests;
			productReference = C382F75C21C4379500886836 /* EasynvestSimulatorTests.xctest */;
			productType = "com.apple.product-type.bundle.unit-test";
		};
/* End PBXNativeTarget section */

/* Begin PBXProject section */
		C382F74021C4379300886836 /* Project object */ = {
			isa = PBXProject;
			attributes = {
				LastSwiftUpdateCheck = 1010;
				LastUpgradeCheck = 1010;
				ORGANIZATIONNAME = "João Gabriel de Britto e Silva";
				TargetAttributes = {
					C382F74721C4379300886836 = {
						CreatedOnToolsVersion = 10.1;
					};
					C382F75B21C4379500886836 = {
						CreatedOnToolsVersion = 10.1;
						TestTargetID = C382F74721C4379300886836;
					};
				};
			};
			buildConfigurationList = C382F74321C4379300886836 /* Build configuration list for PBXProject "EasynvestSimulator" */;
			compatibilityVersion = "Xcode 9.3";
			developmentRegion = en;
			hasScannedForEncodings = 0;
			knownRegions = (
				en,
				Base,
			);
			mainGroup = C382F73F21C4379300886836;
			productRefGroup = C382F74921C4379300886836 /* Products */;
			projectDirPath = "";
			projectRoot = "";
			targets = (
				C382F74721C4379300886836 /* EasynvestSimulator */,
				C382F75B21C4379500886836 /* EasynvestSimulatorTests */,
			);
		};
/* End PBXProject section */

/* Begin PBXResourcesBuildPhase section */
		C382F74621C4379300886836 /* Resources */ = {
			isa = PBXResourcesBuildPhase;
			buildActionMask = 2147483647;
			files = (
				C382F75621C4379500886836 /* LaunchScreen.storyboard in Resources */,
				C382F75321C4379500886836 /* Assets.xcassets in Resources */,
				C382F75121C4379300886836 /* Main.storyboard in Resources */,
			);
			runOnlyForDeploymentPostprocessing = 0;
		};
		C382F75A21C4379500886836 /* Resources */ = {
			isa = PBXResourcesBuildPhase;
			buildActionMask = 2147483647;
			files = (
			);
			runOnlyForDeploymentPostprocessing = 0;
		};
/* End PBXResourcesBuildPhase section */

/* Begin PBXSourcesBuildPhase section */
		C382F74421C4379300886836 /* Sources */ = {
			isa = PBXSourcesBuildPhase;
			buildActionMask = 2147483647;
			files = (
				C382F74E21C4379300886836 /* ViewController.swift in Sources */,
				C382F74C21C4379300886836 /* AppDelegate.swift in Sources */,
			);
			runOnlyForDeploymentPostprocessing = 0;
		};
		C382F75821C4379500886836 /* Sources */ = {
			isa = PBXSourcesBuildPhase;
			buildActionMask = 2147483647;
			files = (
				C382F76121C4379500886836 /* EasynvestSimulatorTests.swift in Sources */,
			);
			runOnlyForDeploymentPostprocessing = 0;
		};
/* End PBXSourcesBuildPhase section */

/* Begin PBXTargetDependency section */
		C382F75E21C4379500886836 /* PBXTargetDependency */ = {
			isa = PBXTargetDependency;
			target = C382F74721C4379300886836 /* EasynvestSimulator */;
			targetProxy = C382F75D21C4379500886836 /* PBXContainerItemProxy */;
		};
/* End PBXTargetDependency section */

/* Begin PBXVariantGroup section */
		C382F74F21C4379300886836 /* Main.storyboard */ = {
			isa = PBXVariantGroup;
			children = (
				C382F75021C4379300886836 /* Base */,
			);
			name = Main.storyboard;
			sourceTree = "<group>";
		};
		C382F75421C4379500886836 /* LaunchScreen.storyboard */ = {
			isa = PBXVariantGroup;
			children = (
				C382F75521C4379500886836 /* Base */,
			);
			name = LaunchScreen.storyboard;
			sourceTree = "<group>";
		};
/* End PBXVariantGroup section */

/* Begin XCBuildConfiguration section */
		C382F76321C4379500886836 /* Debug */ = {
			isa = XCBuildConfiguration;
			buildSettings = {
				ALWAYS_SEARCH_USER_PATHS = NO;
				CLANG_ANALYZER_NONNULL = YES;
				CLANG_ANALYZER_NUMBER_OBJECT_CONVERSION = YES_AGGRESSIVE;
				CLANG_CXX_LANGUAGE_STANDARD = "gnu++14";
				CLANG_CXX_LIBRARY = "libc++";
				CLANG_ENABLE_MODULES = YES;
				CLANG_ENABLE_OBJC_ARC = YES;
				CLANG_ENABLE_OBJC_WEAK = YES;
				CLANG_WARN_BLOCK_CAPTURE_AUTORELEASING = YES;
				CLANG_WARN_BOOL_CONVERSION = YES;
				CLANG_WARN_COMMA = YES;
				CLANG_WARN_CONSTANT_CONVERSION = YES;
				CLANG_WARN_DEPRECATED_OBJC_IMPLEMENTATIONS = YES;
				CLANG_WARN_DIRECT_OBJC_ISA_USAGE = YES_ERROR;
				CLANG_WARN_DOCUMENTATION_COMMENTS = YES;
				CLANG_WARN_EMPTY_BODY = YES;
				CLANG_WARN_ENUM_CONVERSION = YES;
				CLANG_WARN_INFINITE_RECURSION = YES;
				CLANG_WARN_INT_CONVERSION = YES;
				CLANG_WARN_NON_LITERAL_NULL_CONVERSION = YES;
				CLANG_WARN_OBJC_IMPLICIT_RETAIN_SELF = YES;
				CLANG_WARN_OBJC_LITERAL_CONVERSION = YES;
				CLANG_WARN_OBJC_ROOT_CLASS = YES_ERROR;
				CLANG_WARN_RANGE_LOOP_ANALYSIS = YES;
				CLANG_WARN_STRICT_PROTOTYPES = YES;
				CLANG_WARN_SUSPICIOUS_MOVE = YES;
				CLANG_WARN_UNGUARDED_AVAILABILITY = YES_AGGRESSIVE;
				CLANG_WARN_UNREACHABLE_CODE = YES;
				CLANG_WARN__DUPLICATE_METHOD_MATCH = YES;
				CODE_SIGN_IDENTITY = "iPhone Developer";
				COPY_PHASE_STRIP = NO;
				DEBUG_INFORMATION_FORMAT = dwarf;
				ENABLE_STRICT_OBJC_MSGSEND = YES;
				ENABLE_TESTABILITY = YES;
				GCC_C_LANGUAGE_STANDARD = gnu11;
				GCC_DYNAMIC_NO_PIC = NO;
				GCC_NO_COMMON_BLOCKS = YES;
				GCC_OPTIMIZATION_LEVEL = 0;
				GCC_PREPROCESSOR_DEFINITIONS = (
					"DEBUG=1",
					"$(inherited)",
				);
				GCC_WARN_64_TO_32_BIT_CONVERSION = YES;
				GCC_WARN_ABOUT_RETURN_TYPE = YES_ERROR;
				GCC_WARN_UNDECLARED_SELECTOR = YES;
				GCC_WARN_UNINITIALIZED_AUTOS = YES_AGGRESSIVE;
				GCC_WARN_UNUSED_FUNCTION = YES;
				GCC_WARN_UNUSED_VARIABLE = YES;
				IPHONEOS_DEPLOYMENT_TARGET = 12.1;
				MTL_ENABLE_DEBUG_INFO = INCLUDE_SOURCE;
				MTL_FAST_MATH = YES;
				ONLY_ACTIVE_ARCH = YES;
				SDKROOT = iphoneos;
				SWIFT_ACTIVE_COMPILATION_CONDITIONS = DEBUG;
				SWIFT_OPTIMIZATION_LEVEL = "-Onone";
			};
			name = Debug;
		};
		C382F76421C4379500886836 /* Release */ = {
			isa = XCBuildConfiguration;
			buildSettings = {
				ALWAYS_SEARCH_USER_PATHS = NO;
				CLANG_ANALYZER_NONNULL = YES;
				CLANG_ANALYZER_NUMBER_OBJECT_CONVERSION = YES_AGGRESSIVE;
				CLANG_CXX_LANGUAGE_STANDARD = "gnu++14";
				CLANG_CXX_LIBRARY = "libc++";
				CLANG_ENABLE_MODULES = YES;
				CLANG_ENABLE_OBJC_ARC = YES;
				CLANG_ENABLE_OBJC_WEAK = YES;
				CLANG_WARN_BLOCK_CAPTURE_AUTORELEASING = YES;
				CLANG_WARN_BOOL_CONVERSION = YES;
				CLANG_WARN_COMMA = YES;
				CLANG_WARN_CONSTANT_CONVERSION = YES;
				CLANG_WARN_DEPRECATED_OBJC_IMPLEMENTATIONS = YES;
				CLANG_WARN_DIRECT_OBJC_ISA_USAGE = YES_ERROR;
				CLANG_WARN_DOCUMENTATION_COMMENTS = YES;
				CLANG_WARN_EMPTY_BODY = YES;
				CLANG_WARN_ENUM_CONVERSION = YES;
				CLANG_WARN_INFINITE_RECURSION = YES;
				CLANG_WARN_INT_CONVERSION = YES;
				CLANG_WARN_NON_LITERAL_NULL_CONVERSION = YES;
				CLANG_WARN_OBJC_IMPLICIT_RETAIN_SELF = YES;
				CLANG_WARN_OBJC_LITERAL_CONVERSION = YES;
				CLANG_WARN_OBJC_ROOT_CLASS = YES_ERROR;
				CLANG_WARN_RANGE_LOOP_ANALYSIS = YES;
				CLANG_WARN_STRICT_PROTOTYPES = YES;
				CLANG_WARN_SUSPICIOUS_MOVE = YES;
				CLANG_WARN_UNGUARDED_AVAILABILITY = YES_AGGRESSIVE;
				CLANG_WARN_UNREACHABLE_CODE = YES;
				CLANG_WARN__DUPLICATE_METHOD_MATCH = YES;
				CODE_SIGN_IDENTITY = "iPhone Developer";
				COPY_PHASE_STRIP = NO;
				DEBUG_INFORMATION_FORMAT = "dwarf-with-dsym";
				ENABLE_NS_ASSERTIONS = NO;
				ENABLE_STRICT_OBJC_MSGSEND = YES;
				GCC_C_LANGUAGE_STANDARD = gnu11;
				GCC_NO_COMMON_BLOCKS = YES;
				GCC_WARN_64_TO_32_BIT_CONVERSION = YES;
				GCC_WARN_ABOUT_RETURN_TYPE = YES_ERROR;
				GCC_WARN_UNDECLARED_SELECTOR = YES;
				GCC_WARN_UNINITIALIZED_AUTOS = YES_AGGRESSIVE;
				GCC_WARN_UNUSED_FUNCTION = YES;
				GCC_WARN_UNUSED_VARIABLE = YES;
				IPHONEOS_DEPLOYMENT_TARGET = 12.1;
				MTL_ENABLE_DEBUG_INFO = NO;
				MTL_FAST_MATH = YES;
				SDKROOT = iphoneos;
				SWIFT_COMPILATION_MODE = wholemodule;
				SWIFT_OPTIMIZATION_LEVEL = "-O";
				VALIDATE_PRODUCT = YES;
			};
			name = Release;
		};
		C382F76621C4379500886836 /* Debug */ = {
			isa = XCBuildConfiguration;
			buildSettings = {
				ASSETCATALOG_COMPILER_APPICON_NAME = AppIcon;
				CODE_SIGN_STYLE = Automatic;
				DEVELOPMENT_TEAM = EPBUFAY79H;
				INFOPLIST_FILE = EasynvestSimulator/Info.plist;
				IPHONEOS_DEPLOYMENT_TARGET = 11.0;
				LD_RUNPATH_SEARCH_PATHS = (
					"$(inherited)",
					"@executable_path/Frameworks",
				);
				PRODUCT_BUNDLE_IDENTIFIER = br.com.jgbrittos.EasynvestSimulator;
				PRODUCT_NAME = "$(TARGET_NAME)";
				SWIFT_VERSION = 4.2;
				TARGETED_DEVICE_FAMILY = "1,2";
			};
			name = Debug;
		};
		C382F76721C4379500886836 /* Release */ = {
			isa = XCBuildConfiguration;
			buildSettings = {
				ASSETCATALOG_COMPILER_APPICON_NAME = AppIcon;
				CODE_SIGN_STYLE = Automatic;
				DEVELOPMENT_TEAM = EPBUFAY79H;
				INFOPLIST_FILE = EasynvestSimulator/Info.plist;
				IPHONEOS_DEPLOYMENT_TARGET = 11.0;
				LD_RUNPATH_SEARCH_PATHS = (
					"$(inherited)",
					"@executable_path/Frameworks",
				);
				PRODUCT_BUNDLE_IDENTIFIER = br.com.jgbrittos.EasynvestSimulator;
				PRODUCT_NAME = "$(TARGET_NAME)";
				SWIFT_VERSION = 4.2;
				TARGETED_DEVICE_FAMILY = "1,2";
			};
			name = Release;
		};
		C382F76921C4379500886836 /* Debug */ = {
			isa = XCBuildConfiguration;
			buildSettings = {
				ALWAYS_EMBED_SWIFT_STANDARD_LIBRARIES = YES;
				BUNDLE_LOADER = "$(TEST_HOST)";
				CODE_SIGN_STYLE = Automatic;
				DEVELOPMENT_TEAM = EPBUFAY79H;
				INFOPLIST_FILE = EasynvestSimulatorTests/Info.plist;
				LD_RUNPATH_SEARCH_PATHS = (
					"$(inherited)",
					"@executable_path/Frameworks",
					"@loader_path/Frameworks",
				);
				PRODUCT_BUNDLE_IDENTIFIER = br.com.jgbrittos.EasynvestSimulatorTests;
				PRODUCT_NAME = "$(TARGET_NAME)";
				SWIFT_VERSION = 4.2;
				TARGETED_DEVICE_FAMILY = "1,2";
				TEST_HOST = "$(BUILT_PRODUCTS_DIR)/EasynvestSimulator.app/EasynvestSimulator";
			};
			name = Debug;
		};
		C382F76A21C4379500886836 /* Release */ = {
			isa = XCBuildConfiguration;
			buildSettings = {
				ALWAYS_EMBED_SWIFT_STANDARD_LIBRARIES = YES;
				BUNDLE_LOADER = "$(TEST_HOST)";
				CODE_SIGN_STYLE = Automatic;
				DEVELOPMENT_TEAM = EPBUFAY79H;
				INFOPLIST_FILE = EasynvestSimulatorTests/Info.plist;
				LD_RUNPATH_SEARCH_PATHS = (
					"$(inherited)",
					"@executable_path/Frameworks",
					"@loader_path/Frameworks",
				);
				PRODUCT_BUNDLE_IDENTIFIER = br.com.jgbrittos.EasynvestSimulatorTests;
				PRODUCT_NAME = "$(TARGET_NAME)";
				SWIFT_VERSION = 4.2;
				TARGETED_DEVICE_FAMILY = "1,2";
				TEST_HOST = "$(BUILT_PRODUCTS_DIR)/EasynvestSimulator.app/EasynvestSimulator";
			};
			name = Release;
		};
/* End XCBuildConfiguration section */

/* Begin XCConfigurationList section */
		C382F74321C4379300886836 /* Build configuration list for PBXProject "EasynvestSimulator" */ = {
			isa = XCConfigurationList;
			buildConfigurations = (
				C382F76321C4379500886836 /* Debug */,
				C382F76421C4379500886836 /* Release */,
			);
			defaultConfigurationIsVisible = 0;
			defaultConfigurationName = Release;
		};
		C382F76521C4379500886836 /* Build configuration list for PBXNativeTarget "EasynvestSimulator" */ = {
			isa = XCConfigurationList;
			buildConfigurations = (
				C382F76621C4379500886836 /* Debug */,
				C382F76721C4379500886836 /* Release */,
			);
			defaultConfigurationIsVisible = 0;
			defaultConfigurationName = Release;
		};
		C382F76821C4379500886836 /* Build configuration list for PBXNativeTarget "EasynvestSimulatorTests" */ = {
			isa = XCConfigurationList;
			buildConfigurations = (
				C382F76921C4379500886836 /* Debug */,
				C382F76A21C4379500886836 /* Release */,
			);
			defaultConfigurationIsVisible = 0;
			defaultConfigurationName = Release;
		};
/* End XCConfigurationList section */
	};
	rootObject = C382F74021C4379300886836 /* Project object */;
}
