// !$*UTF8*$!
{
	archiveVersion = 1;
	classes = {
	};
	objectVersion = 50;
	objects = {

/* Begin PBXBuildFile section */
		C3318C9021C45C680038CB5E /* FormPresenter.swift in Sources */ = {isa = PBXBuildFile; fileRef = C3318C8A21C45C670038CB5E /* FormPresenter.swift */; };
		C3318C9121C45C680038CB5E /* FormWorker.swift in Sources */ = {isa = PBXBuildFile; fileRef = C3318C8B21C45C670038CB5E /* FormWorker.swift */; };
		C3318C9221C45C680038CB5E /* FormRouter.swift in Sources */ = {isa = PBXBuildFile; fileRef = C3318C8C21C45C670038CB5E /* FormRouter.swift */; };
		C3318C9321C45C680038CB5E /* FormModels.swift in Sources */ = {isa = PBXBuildFile; fileRef = C3318C8D21C45C670038CB5E /* FormModels.swift */; };
		C3318C9421C45C680038CB5E /* FormViewController.swift in Sources */ = {isa = PBXBuildFile; fileRef = C3318C8E21C45C680038CB5E /* FormViewController.swift */; };
		C3318C9521C45C680038CB5E /* FormInteractor.swift in Sources */ = {isa = PBXBuildFile; fileRef = C3318C8F21C45C680038CB5E /* FormInteractor.swift */; };
		C3318C9721C45E300038CB5E /* UIViewController+Extension.swift in Sources */ = {isa = PBXBuildFile; fileRef = C3318C9621C45E300038CB5E /* UIViewController+Extension.swift */; };
		C3318CA921C4645B0038CB5E /* DependencyProtocols.swift in Sources */ = {isa = PBXBuildFile; fileRef = C3318C9A21C4645A0038CB5E /* DependencyProtocols.swift */; };
		C3318CAB21C4645B0038CB5E /* JGLoggerProtocol.swift in Sources */ = {isa = PBXBuildFile; fileRef = C3318C9D21C4645B0038CB5E /* JGLoggerProtocol.swift */; };
		C3318CAC21C4645B0038CB5E /* ConsoleLoggerDII.swift in Sources */ = {isa = PBXBuildFile; fileRef = C3318C9E21C4645B0038CB5E /* ConsoleLoggerDII.swift */; };
		C3318CAD21C4645B0038CB5E /* ConsoleLogBuilder.swift in Sources */ = {isa = PBXBuildFile; fileRef = C3318CA021C4645B0038CB5E /* ConsoleLogBuilder.swift */; };
		C3318CAF21C4645B0038CB5E /* LogBuilderProtocol.swift in Sources */ = {isa = PBXBuildFile; fileRef = C3318CA221C4645B0038CB5E /* LogBuilderProtocol.swift */; };
		C3318CB021C4645B0038CB5E /* DependencyInjection.swift in Sources */ = {isa = PBXBuildFile; fileRef = C3318CA321C4645B0038CB5E /* DependencyInjection.swift */; };
		C3318CB121C4645B0038CB5E /* JGNetworkProtocol.swift in Sources */ = {isa = PBXBuildFile; fileRef = C3318CA521C4645B0038CB5E /* JGNetworkProtocol.swift */; };
		C3318CB321C4645B0038CB5E /* NetworkDII.swift in Sources */ = {isa = PBXBuildFile; fileRef = C3318CA721C4645B0038CB5E /* NetworkDII.swift */; };
		C3318CB821C4992D0038CB5E /* FormatterHelper.swift in Sources */ = {isa = PBXBuildFile; fileRef = C3318CB721C4992D0038CB5E /* FormatterHelper.swift */; };
		C3318CC521C49D950038CB5E /* SimulationViewController.swift in Sources */ = {isa = PBXBuildFile; fileRef = C3318CBF21C49D950038CB5E /* SimulationViewController.swift */; };
		C337421C21C70FF400735EAF /* MaskHelperTests.swift in Sources */ = {isa = PBXBuildFile; fileRef = C337421B21C70FF400735EAF /* MaskHelperTests.swift */; };
		C337421E21C711D700735EAF /* StringExtensionTests.swift in Sources */ = {isa = PBXBuildFile; fileRef = C337421D21C711D700735EAF /* StringExtensionTests.swift */; };
		C337422021C7174800735EAF /* FormInteractorTests.swift in Sources */ = {isa = PBXBuildFile; fileRef = C337421F21C7174800735EAF /* FormInteractorTests.swift */; };
		C337422421C7C3F200735EAF /* FormPresenterTests.swift in Sources */ = {isa = PBXBuildFile; fileRef = C337422321C7C3F200735EAF /* FormPresenterTests.swift */; };
		C337422621C7C67F00735EAF /* TestSeeds.swift in Sources */ = {isa = PBXBuildFile; fileRef = C337422521C7C67F00735EAF /* TestSeeds.swift */; };
		C340E14621C6E04A00E6D9DC /* FormWorkerTests.swift in Sources */ = {isa = PBXBuildFile; fileRef = C340E14521C6E04A00E6D9DC /* FormWorkerTests.swift */; };
		C340E14821C6EDF100E6D9DC /* FormatterHelperTests.swift in Sources */ = {isa = PBXBuildFile; fileRef = C340E14721C6EDF100E6D9DC /* FormatterHelperTests.swift */; };
		C340E14A21C6F9B600E6D9DC /* Constants.swift in Sources */ = {isa = PBXBuildFile; fileRef = C340E14921C6F9B600E6D9DC /* Constants.swift */; };
		C34D259C21C7FFA80046AF9E /* FormViewControllerTests.swift in Sources */ = {isa = PBXBuildFile; fileRef = C34D259B21C7FFA80046AF9E /* FormViewControllerTests.swift */; };
		C382F74C21C4379300886836 /* AppDelegate.swift in Sources */ = {isa = PBXBuildFile; fileRef = C382F74B21C4379300886836 /* AppDelegate.swift */; };
		C382F75121C4379300886836 /* Main.storyboard in Resources */ = {isa = PBXBuildFile; fileRef = C382F74F21C4379300886836 /* Main.storyboard */; };
		C382F75321C4379500886836 /* Assets.xcassets in Resources */ = {isa = PBXBuildFile; fileRef = C382F75221C4379500886836 /* Assets.xcassets */; };
		C382F75621C4379500886836 /* LaunchScreen.storyboard in Resources */ = {isa = PBXBuildFile; fileRef = C382F75421C4379500886836 /* LaunchScreen.storyboard */; };
		C397792D21C5A82200CA2D45 /* MaskHelper.swift in Sources */ = {isa = PBXBuildFile; fileRef = C397792C21C5A82200CA2D45 /* MaskHelper.swift */; };
		C397792F21C5AACD00CA2D45 /* String+Extension.swift in Sources */ = {isa = PBXBuildFile; fileRef = C397792E21C5AACD00CA2D45 /* String+Extension.swift */; };
		C3A58F1121C92DE500A32E1B /* UIViewControllerExtensionTests.swift in Sources */ = {isa = PBXBuildFile; fileRef = C3A58F1021C92DE500A32E1B /* UIViewControllerExtensionTests.swift */; };
		C3A58F1321C938DC00A32E1B /* ConsoleLoggerDIITests.swift in Sources */ = {isa = PBXBuildFile; fileRef = C3A58F1221C938DC00A32E1B /* ConsoleLoggerDIITests.swift */; };
		C3F2E38121C7E09A00273C8E /* SimulationViewCotrollerTests.swift in Sources */ = {isa = PBXBuildFile; fileRef = C3F2E38021C7E09A00273C8E /* SimulationViewCotrollerTests.swift */; };
		C3F2E38321C7ECE600273C8E /* NetworkDIITests.swift in Sources */ = {isa = PBXBuildFile; fileRef = C3F2E38221C7ECE600273C8E /* NetworkDIITests.swift */; };
		FF8D3928B7DE06F1164E0F5B /* Pods_EasynvestSimulator.framework in Frameworks */ = {isa = PBXBuildFile; fileRef = 5012EFFBD9C677420471625E /* Pods_EasynvestSimulator.framework */; };
/* End PBXBuildFile section */

/* Begin PBXContainerItemProxy section */
		C382F75D21C4379500886836 /* PBXContainerItemProxy */ = {
			isa = PBXContainerItemProxy;
			containerPortal = C382F74021C4379300886836 /* Project object */;
			proxyType = 1;
			remoteGlobalIDString = C382F74721C4379300886836;
			remoteInfo = EasynvestSimulator;
		};
/* End PBXContainerItemProxy section */

/* Begin PBXFileReference section */
		35060C5265DB3BD8D388BF71 /* Pods-EasynvestSimulator.debug.xcconfig */ = {isa = PBXFileReference; includeInIndex = 1; lastKnownFileType = text.xcconfig; name = "Pods-EasynvestSimulator.debug.xcconfig"; path = "Pods/Target Support Files/Pods-EasynvestSimulator/Pods-EasynvestSimulator.debug.xcconfig"; sourceTree = "<group>"; };
		5012EFFBD9C677420471625E /* Pods_EasynvestSimulator.framework */ = {isa = PBXFileReference; explicitFileType = wrapper.framework; includeInIndex = 0; path = Pods_EasynvestSimulator.framework; sourceTree = BUILT_PRODUCTS_DIR; };
		A14250A479C03D274715FCC9 /* Pods-EasynvestSimulator.release.xcconfig */ = {isa = PBXFileReference; includeInIndex = 1; lastKnownFileType = text.xcconfig; name = "Pods-EasynvestSimulator.release.xcconfig"; path = "Pods/Target Support Files/Pods-EasynvestSimulator/Pods-EasynvestSimulator.release.xcconfig"; sourceTree = "<group>"; };
		C3318C8A21C45C670038CB5E /* FormPresenter.swift */ = {isa = PBXFileReference; lastKnownFileType = sourcecode.swift; path = FormPresenter.swift; sourceTree = "<group>"; };
		C3318C8B21C45C670038CB5E /* FormWorker.swift */ = {isa = PBXFileReference; lastKnownFileType = sourcecode.swift; path = FormWorker.swift; sourceTree = "<group>"; };
		C3318C8C21C45C670038CB5E /* FormRouter.swift */ = {isa = PBXFileReference; lastKnownFileType = sourcecode.swift; path = FormRouter.swift; sourceTree = "<group>"; };
		C3318C8D21C45C670038CB5E /* FormModels.swift */ = {isa = PBXFileReference; lastKnownFileType = sourcecode.swift; path = FormModels.swift; sourceTree = "<group>"; };
		C3318C8E21C45C680038CB5E /* FormViewController.swift */ = {isa = PBXFileReference; lastKnownFileType = sourcecode.swift; path = FormViewController.swift; sourceTree = "<group>"; };
		C3318C8F21C45C680038CB5E /* FormInteractor.swift */ = {isa = PBXFileReference; lastKnownFileType = sourcecode.swift; path = FormInteractor.swift; sourceTree = "<group>"; };
		C3318C9621C45E300038CB5E /* UIViewController+Extension.swift */ = {isa = PBXFileReference; lastKnownFileType = sourcecode.swift; path = "UIViewController+Extension.swift"; sourceTree = "<group>"; };
		C3318C9A21C4645A0038CB5E /* DependencyProtocols.swift */ = {isa = PBXFileReference; fileEncoding = 4; lastKnownFileType = sourcecode.swift; path = DependencyProtocols.swift; sourceTree = "<group>"; };
		C3318C9D21C4645B0038CB5E /* JGLoggerProtocol.swift */ = {isa = PBXFileReference; fileEncoding = 4; lastKnownFileType = sourcecode.swift; path = JGLoggerProtocol.swift; sourceTree = "<group>"; };
		C3318C9E21C4645B0038CB5E /* ConsoleLoggerDII.swift */ = {isa = PBXFileReference; fileEncoding = 4; lastKnownFileType = sourcecode.swift; path = ConsoleLoggerDII.swift; sourceTree = "<group>"; };
		C3318CA021C4645B0038CB5E /* ConsoleLogBuilder.swift */ = {isa = PBXFileReference; fileEncoding = 4; lastKnownFileType = sourcecode.swift; path = ConsoleLogBuilder.swift; sourceTree = "<group>"; };
		C3318CA221C4645B0038CB5E /* LogBuilderProtocol.swift */ = {isa = PBXFileReference; fileEncoding = 4; lastKnownFileType = sourcecode.swift; path = LogBuilderProtocol.swift; sourceTree = "<group>"; };
		C3318CA321C4645B0038CB5E /* DependencyInjection.swift */ = {isa = PBXFileReference; fileEncoding = 4; lastKnownFileType = sourcecode.swift; path = DependencyInjection.swift; sourceTree = "<group>"; };
		C3318CA521C4645B0038CB5E /* JGNetworkProtocol.swift */ = {isa = PBXFileReference; fileEncoding = 4; lastKnownFileType = sourcecode.swift; path = JGNetworkProtocol.swift; sourceTree = "<group>"; };
		C3318CA721C4645B0038CB5E /* NetworkDII.swift */ = {isa = PBXFileReference; fileEncoding = 4; lastKnownFileType = sourcecode.swift; path = NetworkDII.swift; sourceTree = "<group>"; };
		C3318CB721C4992D0038CB5E /* FormatterHelper.swift */ = {isa = PBXFileReference; lastKnownFileType = sourcecode.swift; path = FormatterHelper.swift; sourceTree = "<group>"; };
		C3318CBF21C49D950038CB5E /* SimulationViewController.swift */ = {isa = PBXFileReference; lastKnownFileType = sourcecode.swift; path = SimulationViewController.swift; sourceTree = "<group>"; };
		C337421B21C70FF400735EAF /* MaskHelperTests.swift */ = {isa = PBXFileReference; lastKnownFileType = sourcecode.swift; path = MaskHelperTests.swift; sourceTree = "<group>"; };
		C337421D21C711D700735EAF /* StringExtensionTests.swift */ = {isa = PBXFileReference; lastKnownFileType = sourcecode.swift; path = StringExtensionTests.swift; sourceTree = "<group>"; };
		C337421F21C7174800735EAF /* FormInteractorTests.swift */ = {isa = PBXFileReference; lastKnownFileType = sourcecode.swift; path = FormInteractorTests.swift; sourceTree = "<group>"; };
		C337422321C7C3F200735EAF /* FormPresenterTests.swift */ = {isa = PBXFileReference; lastKnownFileType = sourcecode.swift; path = FormPresenterTests.swift; sourceTree = "<group>"; };
		C337422521C7C67F00735EAF /* TestSeeds.swift */ = {isa = PBXFileReference; lastKnownFileType = sourcecode.swift; path = TestSeeds.swift; sourceTree = "<group>"; };
		C340E14521C6E04A00E6D9DC /* FormWorkerTests.swift */ = {isa = PBXFileReference; lastKnownFileType = sourcecode.swift; path = FormWorkerTests.swift; sourceTree = "<group>"; };
		C340E14721C6EDF100E6D9DC /* FormatterHelperTests.swift */ = {isa = PBXFileReference; lastKnownFileType = sourcecode.swift; path = FormatterHelperTests.swift; sourceTree = "<group>"; };
		C340E14921C6F9B600E6D9DC /* Constants.swift */ = {isa = PBXFileReference; lastKnownFileType = sourcecode.swift; path = Constants.swift; sourceTree = "<group>"; };
		C34D259B21C7FFA80046AF9E /* FormViewControllerTests.swift */ = {isa = PBXFileReference; lastKnownFileType = sourcecode.swift; path = FormViewControllerTests.swift; sourceTree = "<group>"; };
		C382F74821C4379300886836 /* EasynvestSimulator.app */ = {isa = PBXFileReference; explicitFileType = wrapper.application; includeInIndex = 0; path = EasynvestSimulator.app; sourceTree = BUILT_PRODUCTS_DIR; };
		C382F74B21C4379300886836 /* AppDelegate.swift */ = {isa = PBXFileReference; lastKnownFileType = sourcecode.swift; path = AppDelegate.swift; sourceTree = "<group>"; };
		C382F75021C4379300886836 /* Base */ = {isa = PBXFileReference; lastKnownFileType = file.storyboard; name = Base; path = Base.lproj/Main.storyboard; sourceTree = "<group>"; };
		C382F75221C4379500886836 /* Assets.xcassets */ = {isa = PBXFileReference; lastKnownFileType = folder.assetcatalog; path = Assets.xcassets; sourceTree = "<group>"; };
		C382F75521C4379500886836 /* Base */ = {isa = PBXFileReference; lastKnownFileType = file.storyboard; name = Base; path = Base.lproj/LaunchScreen.storyboard; sourceTree = "<group>"; };
		C382F75721C4379500886836 /* Info.plist */ = {isa = PBXFileReference; lastKnownFileType = text.plist.xml; path = Info.plist; sourceTree = "<group>"; };
		C382F75C21C4379500886836 /* EasynvestSimulatorTests.xctest */ = {isa = PBXFileReference; explicitFileType = wrapper.cfbundle; includeInIndex = 0; path = EasynvestSimulatorTests.xctest; sourceTree = BUILT_PRODUCTS_DIR; };
		C382F76221C4379500886836 /* Info.plist */ = {isa = PBXFileReference; lastKnownFileType = text.plist.xml; path = Info.plist; sourceTree = "<group>"; };
		C397792C21C5A82200CA2D45 /* MaskHelper.swift */ = {isa = PBXFileReference; lastKnownFileType = sourcecode.swift; path = MaskHelper.swift; sourceTree = "<group>"; };
		C397792E21C5AACD00CA2D45 /* String+Extension.swift */ = {isa = PBXFileReference; lastKnownFileType = sourcecode.swift; path = "String+Extension.swift"; sourceTree = "<group>"; };
		C3A58F1021C92DE500A32E1B /* UIViewControllerExtensionTests.swift */ = {isa = PBXFileReference; lastKnownFileType = sourcecode.swift; path = UIViewControllerExtensionTests.swift; sourceTree = "<group>"; };
		C3A58F1221C938DC00A32E1B /* ConsoleLoggerDIITests.swift */ = {isa = PBXFileReference; lastKnownFileType = sourcecode.swift; path = ConsoleLoggerDIITests.swift; sourceTree = "<group>"; };
		C3F2E38021C7E09A00273C8E /* SimulationViewCotrollerTests.swift */ = {isa = PBXFileReference; lastKnownFileType = sourcecode.swift; path = SimulationViewCotrollerTests.swift; sourceTree = "<group>"; };
		C3F2E38221C7ECE600273C8E /* NetworkDIITests.swift */ = {isa = PBXFileReference; lastKnownFileType = sourcecode.swift; path = NetworkDIITests.swift; sourceTree = "<group>"; };
		E3471DC99ACC73848DBE0B13 /* Pods_EasynvestSimulatorTests.framework */ = {isa = PBXFileReference; explicitFileType = wrapper.framework; includeInIndex = 0; path = Pods_EasynvestSimulatorTests.framework; sourceTree = BUILT_PRODUCTS_DIR; };
/* End PBXFileReference section */

/* Begin PBXFrameworksBuildPhase section */
		C382F74521C4379300886836 /* Frameworks */ = {
			isa = PBXFrameworksBuildPhase;
			buildActionMask = 2147483647;
			files = (
				FF8D3928B7DE06F1164E0F5B /* Pods_EasynvestSimulator.framework in Frameworks */,
			);
			runOnlyForDeploymentPostprocessing = 0;
		};
		C382F75921C4379500886836 /* Frameworks */ = {
			isa = PBXFrameworksBuildPhase;
			buildActionMask = 2147483647;
			files = (
			);
			runOnlyForDeploymentPostprocessing = 0;
		};
/* End PBXFrameworksBuildPhase section */

/* Begin PBXGroup section */
		16C48057D0CD0A6886EB2723 /* Pods */ = {
			isa = PBXGroup;
			children = (
				35060C5265DB3BD8D388BF71 /* Pods-EasynvestSimulator.debug.xcconfig */,
				A14250A479C03D274715FCC9 /* Pods-EasynvestSimulator.release.xcconfig */,
			);
			name = Pods;
			sourceTree = "<group>";
		};
		6848AE2EB1631FB5142EC92F /* Frameworks */ = {
			isa = PBXGroup;
			children = (
				5012EFFBD9C677420471625E /* Pods_EasynvestSimulator.framework */,
				E3471DC99ACC73848DBE0B13 /* Pods_EasynvestSimulatorTests.framework */,
			);
			name = Frameworks;
			sourceTree = "<group>";
		};
		C3318C8921C45C430038CB5E /* Form */ = {
			isa = PBXGroup;
			children = (
				C3318C8E21C45C680038CB5E /* FormViewController.swift */,
				C3318C8F21C45C680038CB5E /* FormInteractor.swift */,
				C3318C8A21C45C670038CB5E /* FormPresenter.swift */,
				C3318C8C21C45C670038CB5E /* FormRouter.swift */,
				C3318C8B21C45C670038CB5E /* FormWorker.swift */,
				C3318C8D21C45C670038CB5E /* FormModels.swift */,
			);
			path = Form;
			sourceTree = "<group>";
		};
		C3318C9821C4616C0038CB5E /* Supporting Files */ = {
			isa = PBXGroup;
			children = (
				C382F75221C4379500886836 /* Assets.xcassets */,
				C382F75421C4379500886836 /* LaunchScreen.storyboard */,
				C382F75721C4379500886836 /* Info.plist */,
			);
			path = "Supporting Files";
			sourceTree = "<group>";
		};
		C3318C9921C461770038CB5E /* Util */ = {
			isa = PBXGroup;
			children = (
				C3318CB621C467F10038CB5E /* DependencyInjection */,
				C397793021C5AAEA00CA2D45 /* Extensions */,
				C397793121C5AAF100CA2D45 /* Helpers */,
				C340E14921C6F9B600E6D9DC /* Constants.swift */,
			);
			path = Util;
			sourceTree = "<group>";
		};
		C3318C9B21C4645B0038CB5E /* Logging */ = {
			isa = PBXGroup;
			children = (
				C3318C9D21C4645B0038CB5E /* JGLoggerProtocol.swift */,
				C3318C9E21C4645B0038CB5E /* ConsoleLoggerDII.swift */,
				C3318C9F21C4645B0038CB5E /* LogBuilder */,
			);
			path = Logging;
			sourceTree = "<group>";
		};
		C3318C9F21C4645B0038CB5E /* LogBuilder */ = {
			isa = PBXGroup;
			children = (
				C3318CA021C4645B0038CB5E /* ConsoleLogBuilder.swift */,
				C3318CA221C4645B0038CB5E /* LogBuilderProtocol.swift */,
			);
			path = LogBuilder;
			sourceTree = "<group>";
		};
		C3318CA421C4645B0038CB5E /* NetworkManager */ = {
			isa = PBXGroup;
			children = (
				C3318CA721C4645B0038CB5E /* NetworkDII.swift */,
				C3318CA521C4645B0038CB5E /* JGNetworkProtocol.swift */,
			);
			path = NetworkManager;
			sourceTree = "<group>";
		};
		C3318CB621C467F10038CB5E /* DependencyInjection */ = {
			isa = PBXGroup;
			children = (
				C3318CA321C4645B0038CB5E /* DependencyInjection.swift */,
				C3318C9A21C4645A0038CB5E /* DependencyProtocols.swift */,
				C3318CA421C4645B0038CB5E /* NetworkManager */,
				C3318C9B21C4645B0038CB5E /* Logging */,
			);
			path = DependencyInjection;
			sourceTree = "<group>";
		};
		C3318CB921C49D670038CB5E /* Scenes */ = {
			isa = PBXGroup;
			children = (
				C3318C8921C45C430038CB5E /* Form */,
				C3318CBA21C49D6F0038CB5E /* Simulation */,
			);
			path = Scenes;
			sourceTree = "<group>";
		};
		C3318CBA21C49D6F0038CB5E /* Simulation */ = {
			isa = PBXGroup;
			children = (
				C3318CBF21C49D950038CB5E /* SimulationViewController.swift */,
			);
			path = Simulation;
			sourceTree = "<group>";
		};
		C382F73F21C4379300886836 = {
			isa = PBXGroup;
			children = (
				C382F74A21C4379300886836 /* EasynvestSimulator */,
				C382F75F21C4379500886836 /* EasynvestSimulatorTests */,
				C382F74921C4379300886836 /* Products */,
				16C48057D0CD0A6886EB2723 /* Pods */,
				6848AE2EB1631FB5142EC92F /* Frameworks */,
			);
			sourceTree = "<group>";
		};
		C382F74921C4379300886836 /* Products */ = {
			isa = PBXGroup;
			children = (
				C382F74821C4379300886836 /* EasynvestSimulator.app */,
				C382F75C21C4379500886836 /* EasynvestSimulatorTests.xctest */,
			);
			name = Products;
			sourceTree = "<group>";
		};
		C382F74A21C4379300886836 /* EasynvestSimulator */ = {
			isa = PBXGroup;
			children = (
				C382F74B21C4379300886836 /* AppDelegate.swift */,
				C382F74F21C4379300886836 /* Main.storyboard */,
				C3318CB921C49D670038CB5E /* Scenes */,
				C3318C9921C461770038CB5E /* Util */,
				C3318C9821C4616C0038CB5E /* Supporting Files */,
			);
			path = EasynvestSimulator;
			sourceTree = "<group>";
		};
		C382F75F21C4379500886836 /* EasynvestSimulatorTests */ = {
			isa = PBXGroup;
			children = (
				C3F2E38421C7F9B700273C8E /* FormScene */,
				C3F2E38021C7E09A00273C8E /* SimulationViewCotrollerTests.swift */,
				C3F2E38521C7F9C600273C8E /* Helpers */,
				C337421D21C711D700735EAF /* StringExtensionTests.swift */,
				C3F2E38221C7ECE600273C8E /* NetworkDIITests.swift */,
				C3A58F1221C938DC00A32E1B /* ConsoleLoggerDIITests.swift */,
				C3F2E38621C7F9E000273C8E /* Supporting Files */,
				C382F76221C4379500886836 /* Info.plist */,
				C3A58F1021C92DE500A32E1B /* UIViewControllerExtensionTests.swift */,
			);
			path = EasynvestSimulatorTests;
			sourceTree = "<group>";
		};
		C397793021C5AAEA00CA2D45 /* Extensions */ = {
			isa = PBXGroup;
			children = (
				C3318C9621C45E300038CB5E /* UIViewController+Extension.swift */,
				C397792E21C5AACD00CA2D45 /* String+Extension.swift */,
			);
			path = Extensions;
			sourceTree = "<group>";
		};
		C397793121C5AAF100CA2D45 /* Helpers */ = {
			isa = PBXGroup;
			children = (
				C3318CB721C4992D0038CB5E /* FormatterHelper.swift */,
				C397792C21C5A82200CA2D45 /* MaskHelper.swift */,
			);
			path = Helpers;
			sourceTree = "<group>";
		};
		C3F2E38421C7F9B700273C8E /* FormScene */ = {
			isa = PBXGroup;
			children = (
				C34D259B21C7FFA80046AF9E /* FormViewControllerTests.swift */,
				C337421F21C7174800735EAF /* FormInteractorTests.swift */,
				C337422321C7C3F200735EAF /* FormPresenterTests.swift */,
				C340E14521C6E04A00E6D9DC /* FormWorkerTests.swift */,
			);
			path = FormScene;
			sourceTree = "<group>";
		};
		C3F2E38521C7F9C600273C8E /* Helpers */ = {
			isa = PBXGroup;
			children = (
				C340E14721C6EDF100E6D9DC /* FormatterHelperTests.swift */,
				C337421B21C70FF400735EAF /* MaskHelperTests.swift */,
			);
			path = Helpers;
			sourceTree = "<group>";
		};
		C3F2E38621C7F9E000273C8E /* Supporting Files */ = {
			isa = PBXGroup;
			children = (
				C337422521C7C67F00735EAF /* TestSeeds.swift */,
			);
			path = "Supporting Files";
			sourceTree = "<group>";
		};
/* End PBXGroup section */

/* Begin PBXNativeTarget section */
		C382F74721C4379300886836 /* EasynvestSimulator */ = {
			isa = PBXNativeTarget;
			buildConfigurationList = C382F76521C4379500886836 /* Build configuration list for PBXNativeTarget "EasynvestSimulator" */;
			buildPhases = (
				4A3EF0354279A5FEC5EDE463 /* [CP] Check Pods Manifest.lock */,
				C382F74421C4379300886836 /* Sources */,
				C382F74521C4379300886836 /* Frameworks */,
				C382F74621C4379300886836 /* Resources */,
				C3318C8621C439510038CB5E /* SwiftLint Script */,
			);
			buildRules = (
			);
			dependencies = (
			);
			name = EasynvestSimulator;
			productName = EasynvestSimulator;
			productReference = C382F74821C4379300886836 /* EasynvestSimulator.app */;
			productType = "com.apple.product-type.application";
		};
		C382F75B21C4379500886836 /* EasynvestSimulatorTests */ = {
			isa = PBXNativeTarget;
			buildConfigurationList = C382F76821C4379500886836 /* Build configuration list for PBXNativeTarget "EasynvestSimulatorTests" */;
			buildPhases = (
				C382F75821C4379500886836 /* Sources */,
				C382F75921C4379500886836 /* Frameworks */,
				C382F75A21C4379500886836 /* Resources */,
			);
			buildRules = (
			);
			dependencies = (
				C382F75E21C4379500886836 /* PBXTargetDependency */,
			);
			name = EasynvestSimulatorTests;
			productName = EasynvestSimulatorTests;
			productReference = C382F75C21C4379500886836 /* EasynvestSimulatorTests.xctest */;
			productType = "com.apple.product-type.bundle.unit-test";
		};
/* End PBXNativeTarget section */

/* Begin PBXProject section */
		C382F74021C4379300886836 /* Project object */ = {
			isa = PBXProject;
			attributes = {
				LastSwiftUpdateCheck = 1010;
				LastUpgradeCheck = 1010;
				ORGANIZATIONNAME = "João Gabriel de Britto e Silva";
				TargetAttributes = {
					C382F74721C4379300886836 = {
						CreatedOnToolsVersion = 10.1;
					};
					C382F75B21C4379500886836 = {
						CreatedOnToolsVersion = 10.1;
						TestTargetID = C382F74721C4379300886836;
					};
				};
			};
			buildConfigurationList = C382F74321C4379300886836 /* Build configuration list for PBXProject "EasynvestSimulator" */;
			compatibilityVersion = "Xcode 9.3";
			developmentRegion = en;
			hasScannedForEncodings = 0;
			knownRegions = (
				en,
				Base,
			);
			mainGroup = C382F73F21C4379300886836;
			productRefGroup = C382F74921C4379300886836 /* Products */;
			projectDirPath = "";
			projectRoot = "";
			targets = (
				C382F74721C4379300886836 /* EasynvestSimulator */,
				C382F75B21C4379500886836 /* EasynvestSimulatorTests */,
			);
		};
/* End PBXProject section */

/* Begin PBXResourcesBuildPhase section */
		C382F74621C4379300886836 /* Resources */ = {
			isa = PBXResourcesBuildPhase;
			buildActionMask = 2147483647;
			files = (
				C382F75621C4379500886836 /* LaunchScreen.storyboard in Resources */,
				C382F75321C4379500886836 /* Assets.xcassets in Resources */,
				C382F75121C4379300886836 /* Main.storyboard in Resources */,
			);
			runOnlyForDeploymentPostprocessing = 0;
		};
		C382F75A21C4379500886836 /* Resources */ = {
			isa = PBXResourcesBuildPhase;
			buildActionMask = 2147483647;
			files = (
			);
			runOnlyForDeploymentPostprocessing = 0;
		};
/* End PBXResourcesBuildPhase section */

/* Begin PBXShellScriptBuildPhase section */
		4A3EF0354279A5FEC5EDE463 /* [CP] Check Pods Manifest.lock */ = {
			isa = PBXShellScriptBuildPhase;
			buildActionMask = 2147483647;
			files = (
			);
			inputFileListPaths = (
			);
			inputPaths = (
				"${PODS_PODFILE_DIR_PATH}/Podfile.lock",
				"${PODS_ROOT}/Manifest.lock",
			);
			name = "[CP] Check Pods Manifest.lock";
			outputFileListPaths = (
			);
			outputPaths = (
				"$(DERIVED_FILE_DIR)/Pods-EasynvestSimulator-checkManifestLockResult.txt",
			);
			runOnlyForDeploymentPostprocessing = 0;
			shellPath = /bin/sh;
			shellScript = "diff \"${PODS_PODFILE_DIR_PATH}/Podfile.lock\" \"${PODS_ROOT}/Manifest.lock\" > /dev/null\nif [ $? != 0 ] ; then\n    # print error to STDERR\n    echo \"error: The sandbox is not in sync with the Podfile.lock. Run 'pod install' or update your CocoaPods installation.\" >&2\n    exit 1\nfi\n# This output is used by Xcode 'outputs' to avoid re-running this script phase.\necho \"SUCCESS\" > \"${SCRIPT_OUTPUT_FILE_0}\"\n";
			showEnvVarsInLog = 0;
		};
		C3318C8621C439510038CB5E /* SwiftLint Script */ = {
			isa = PBXShellScriptBuildPhase;
			buildActionMask = 2147483647;
			files = (
			);
			inputFileListPaths = (
			);
			inputPaths = (
			);
			name = "SwiftLint Script";
			outputFileListPaths = (
			);
			outputPaths = (
			);
			runOnlyForDeploymentPostprocessing = 0;
			shellPath = /bin/sh;
			shellScript = "\"${PODS_ROOT}/SwiftLint/swiftlint\"\n";
		};
/* End PBXShellScriptBuildPhase section */

/* Begin PBXSourcesBuildPhase section */
		C382F74421C4379300886836 /* Sources */ = {
			isa = PBXSourcesBuildPhase;
			buildActionMask = 2147483647;
			files = (
				C3318C9721C45E300038CB5E /* UIViewController+Extension.swift in Sources */,
				C3318CC521C49D950038CB5E /* SimulationViewController.swift in Sources */,
				C3318CB321C4645B0038CB5E /* NetworkDII.swift in Sources */,
				C3318C9221C45C680038CB5E /* FormRouter.swift in Sources */,
				C397792D21C5A82200CA2D45 /* MaskHelper.swift in Sources */,
				C3318CAC21C4645B0038CB5E /* ConsoleLoggerDII.swift in Sources */,
				C3318C9421C45C680038CB5E /* FormViewController.swift in Sources */,
				C3318CAD21C4645B0038CB5E /* ConsoleLogBuilder.swift in Sources */,
				C397792F21C5AACD00CA2D45 /* String+Extension.swift in Sources */,
				C3318CB021C4645B0038CB5E /* DependencyInjection.swift in Sources */,
				C3318C9121C45C680038CB5E /* FormWorker.swift in Sources */,
				C340E14A21C6F9B600E6D9DC /* Constants.swift in Sources */,
				C3318CAF21C4645B0038CB5E /* LogBuilderProtocol.swift in Sources */,
				C382F74C21C4379300886836 /* AppDelegate.swift in Sources */,
				C3318CB821C4992D0038CB5E /* FormatterHelper.swift in Sources */,
				C3318C9021C45C680038CB5E /* FormPresenter.swift in Sources */,
				C3318CA921C4645B0038CB5E /* DependencyProtocols.swift in Sources */,
				C3318C9521C45C680038CB5E /* FormInteractor.swift in Sources */,
				C3318CAB21C4645B0038CB5E /* JGLoggerProtocol.swift in Sources */,
				C3318CB121C4645B0038CB5E /* JGNetworkProtocol.swift in Sources */,
				C3318C9321C45C680038CB5E /* FormModels.swift in Sources */,
			);
			runOnlyForDeploymentPostprocessing = 0;
		};
		C382F75821C4379500886836 /* Sources */ = {
			isa = PBXSourcesBuildPhase;
			buildActionMask = 2147483647;
			files = (
				C3F2E38321C7ECE600273C8E /* NetworkDIITests.swift in Sources */,
				C337422421C7C3F200735EAF /* FormPresenterTests.swift in Sources */,
				C3A58F1121C92DE500A32E1B /* UIViewControllerExtensionTests.swift in Sources */,
				C34D259C21C7FFA80046AF9E /* FormViewControllerTests.swift in Sources */,
				C337421E21C711D700735EAF /* StringExtensionTests.swift in Sources */,
				C337422621C7C67F00735EAF /* TestSeeds.swift in Sources */,
				C340E14821C6EDF100E6D9DC /* FormatterHelperTests.swift in Sources */,
				C337421C21C70FF400735EAF /* MaskHelperTests.swift in Sources */,
				C337422021C7174800735EAF /* FormInteractorTests.swift in Sources */,
				C3F2E38121C7E09A00273C8E /* SimulationViewCotrollerTests.swift in Sources */,
				C3A58F1321C938DC00A32E1B /* ConsoleLoggerDIITests.swift in Sources */,
				C340E14621C6E04A00E6D9DC /* FormWorkerTests.swift in Sources */,
			);
			runOnlyForDeploymentPostprocessing = 0;
		};
/* End PBXSourcesBuildPhase section */

/* Begin PBXTargetDependency section */
		C382F75E21C4379500886836 /* PBXTargetDependency */ = {
			isa = PBXTargetDependency;
			target = C382F74721C4379300886836 /* EasynvestSimulator */;
			targetProxy = C382F75D21C4379500886836 /* PBXContainerItemProxy */;
		};
/* End PBXTargetDependency section */

/* Begin PBXVariantGroup section */
		C382F74F21C4379300886836 /* Main.storyboard */ = {
			isa = PBXVariantGroup;
			children = (
				C382F75021C4379300886836 /* Base */,
			);
			name = Main.storyboard;
			sourceTree = "<group>";
		};
		C382F75421C4379500886836 /* LaunchScreen.storyboard */ = {
			isa = PBXVariantGroup;
			children = (
				C382F75521C4379500886836 /* Base */,
			);
			name = LaunchScreen.storyboard;
			sourceTree = "<group>";
		};
/* End PBXVariantGroup section */

/* Begin XCBuildConfiguration section */
		C382F76321C4379500886836 /* Debug */ = {
			isa = XCBuildConfiguration;
			buildSettings = {
				ALWAYS_SEARCH_USER_PATHS = NO;
				CLANG_ANALYZER_NONNULL = YES;
				CLANG_ANALYZER_NUMBER_OBJECT_CONVERSION = YES_AGGRESSIVE;
				CLANG_CXX_LANGUAGE_STANDARD = "gnu++14";
				CLANG_CXX_LIBRARY = "libc++";
				CLANG_ENABLE_MODULES = YES;
				CLANG_ENABLE_OBJC_ARC = YES;
				CLANG_ENABLE_OBJC_WEAK = YES;
				CLANG_WARN_BLOCK_CAPTURE_AUTORELEASING = YES;
				CLANG_WARN_BOOL_CONVERSION = YES;
				CLANG_WARN_COMMA = YES;
				CLANG_WARN_CONSTANT_CONVERSION = YES;
				CLANG_WARN_DEPRECATED_OBJC_IMPLEMENTATIONS = YES;
				CLANG_WARN_DIRECT_OBJC_ISA_USAGE = YES_ERROR;
				CLANG_WARN_DOCUMENTATION_COMMENTS = YES;
				CLANG_WARN_EMPTY_BODY = YES;
				CLANG_WARN_ENUM_CONVERSION = YES;
				CLANG_WARN_INFINITE_RECURSION = YES;
				CLANG_WARN_INT_CONVERSION = YES;
				CLANG_WARN_NON_LITERAL_NULL_CONVERSION = YES;
				CLANG_WARN_OBJC_IMPLICIT_RETAIN_SELF = YES;
				CLANG_WARN_OBJC_LITERAL_CONVERSION = YES;
				CLANG_WARN_OBJC_ROOT_CLASS = YES_ERROR;
				CLANG_WARN_RANGE_LOOP_ANALYSIS = YES;
				CLANG_WARN_STRICT_PROTOTYPES = YES;
				CLANG_WARN_SUSPICIOUS_MOVE = YES;
				CLANG_WARN_UNGUARDED_AVAILABILITY = YES_AGGRESSIVE;
				CLANG_WARN_UNREACHABLE_CODE = YES;
				CLANG_WARN__DUPLICATE_METHOD_MATCH = YES;
				CODE_SIGN_IDENTITY = "iPhone Developer";
				COPY_PHASE_STRIP = NO;
				DEBUG_INFORMATION_FORMAT = dwarf;
				ENABLE_STRICT_OBJC_MSGSEND = YES;
				ENABLE_TESTABILITY = YES;
				GCC_C_LANGUAGE_STANDARD = gnu11;
				GCC_DYNAMIC_NO_PIC = NO;
				GCC_NO_COMMON_BLOCKS = YES;
				GCC_OPTIMIZATION_LEVEL = 0;
				GCC_PREPROCESSOR_DEFINITIONS = (
					"DEBUG=1",
					"$(inherited)",
				);
				GCC_WARN_64_TO_32_BIT_CONVERSION = YES;
				GCC_WARN_ABOUT_RETURN_TYPE = YES_ERROR;
				GCC_WARN_UNDECLARED_SELECTOR = YES;
				GCC_WARN_UNINITIALIZED_AUTOS = YES_AGGRESSIVE;
				GCC_WARN_UNUSED_FUNCTION = YES;
				GCC_WARN_UNUSED_VARIABLE = YES;
				IPHONEOS_DEPLOYMENT_TARGET = 12.1;
				MTL_ENABLE_DEBUG_INFO = INCLUDE_SOURCE;
				MTL_FAST_MATH = YES;
				ONLY_ACTIVE_ARCH = YES;
				SDKROOT = iphoneos;
				SWIFT_ACTIVE_COMPILATION_CONDITIONS = DEBUG;
				SWIFT_OPTIMIZATION_LEVEL = "-Onone";
			};
			name = Debug;
		};
		C382F76421C4379500886836 /* Release */ = {
			isa = XCBuildConfiguration;
			buildSettings = {
				ALWAYS_SEARCH_USER_PATHS = NO;
				CLANG_ANALYZER_NONNULL = YES;
				CLANG_ANALYZER_NUMBER_OBJECT_CONVERSION = YES_AGGRESSIVE;
				CLANG_CXX_LANGUAGE_STANDARD = "gnu++14";
				CLANG_CXX_LIBRARY = "libc++";
				CLANG_ENABLE_MODULES = YES;
				CLANG_ENABLE_OBJC_ARC = YES;
				CLANG_ENABLE_OBJC_WEAK = YES;
				CLANG_WARN_BLOCK_CAPTURE_AUTORELEASING = YES;
				CLANG_WARN_BOOL_CONVERSION = YES;
				CLANG_WARN_COMMA = YES;
				CLANG_WARN_CONSTANT_CONVERSION = YES;
				CLANG_WARN_DEPRECATED_OBJC_IMPLEMENTATIONS = YES;
				CLANG_WARN_DIRECT_OBJC_ISA_USAGE = YES_ERROR;
				CLANG_WARN_DOCUMENTATION_COMMENTS = YES;
				CLANG_WARN_EMPTY_BODY = YES;
				CLANG_WARN_ENUM_CONVERSION = YES;
				CLANG_WARN_INFINITE_RECURSION = YES;
				CLANG_WARN_INT_CONVERSION = YES;
				CLANG_WARN_NON_LITERAL_NULL_CONVERSION = YES;
				CLANG_WARN_OBJC_IMPLICIT_RETAIN_SELF = YES;
				CLANG_WARN_OBJC_LITERAL_CONVERSION = YES;
				CLANG_WARN_OBJC_ROOT_CLASS = YES_ERROR;
				CLANG_WARN_RANGE_LOOP_ANALYSIS = YES;
				CLANG_WARN_STRICT_PROTOTYPES = YES;
				CLANG_WARN_SUSPICIOUS_MOVE = YES;
				CLANG_WARN_UNGUARDED_AVAILABILITY = YES_AGGRESSIVE;
				CLANG_WARN_UNREACHABLE_CODE = YES;
				CLANG_WARN__DUPLICATE_METHOD_MATCH = YES;
				CODE_SIGN_IDENTITY = "iPhone Developer";
				COPY_PHASE_STRIP = NO;
				DEBUG_INFORMATION_FORMAT = "dwarf-with-dsym";
				ENABLE_NS_ASSERTIONS = NO;
				ENABLE_STRICT_OBJC_MSGSEND = YES;
				GCC_C_LANGUAGE_STANDARD = gnu11;
				GCC_NO_COMMON_BLOCKS = YES;
				GCC_WARN_64_TO_32_BIT_CONVERSION = YES;
				GCC_WARN_ABOUT_RETURN_TYPE = YES_ERROR;
				GCC_WARN_UNDECLARED_SELECTOR = YES;
				GCC_WARN_UNINITIALIZED_AUTOS = YES_AGGRESSIVE;
				GCC_WARN_UNUSED_FUNCTION = YES;
				GCC_WARN_UNUSED_VARIABLE = YES;
				IPHONEOS_DEPLOYMENT_TARGET = 12.1;
				MTL_ENABLE_DEBUG_INFO = NO;
				MTL_FAST_MATH = YES;
				SDKROOT = iphoneos;
				SWIFT_COMPILATION_MODE = wholemodule;
				SWIFT_OPTIMIZATION_LEVEL = "-O";
				VALIDATE_PRODUCT = YES;
			};
			name = Release;
		};
		C382F76621C4379500886836 /* Debug */ = {
			isa = XCBuildConfiguration;
			baseConfigurationReference = 35060C5265DB3BD8D388BF71 /* Pods-EasynvestSimulator.debug.xcconfig */;
			buildSettings = {
				ASSETCATALOG_COMPILER_APPICON_NAME = AppIcon;
				CODE_SIGN_STYLE = Automatic;
				DEVELOPMENT_TEAM = LUT4N73CY2;
				INFOPLIST_FILE = "$(SRCROOT)/EasynvestSimulator/Supporting Files/Info.plist";
				IPHONEOS_DEPLOYMENT_TARGET = 11.0;
				LD_RUNPATH_SEARCH_PATHS = (
					"$(inherited)",
					"@executable_path/Frameworks",
				);
				PRODUCT_BUNDLE_IDENTIFIER = br.com.jgbrittos.EasynvestSimulator;
				PRODUCT_NAME = "$(TARGET_NAME)";
				SWIFT_VERSION = 4.2;
				TARGETED_DEVICE_FAMILY = "1,2";
			};
			name = Debug;
		};
		C382F76721C4379500886836 /* Release */ = {
			isa = XCBuildConfiguration;
			baseConfigurationReference = A14250A479C03D274715FCC9 /* Pods-EasynvestSimulator.release.xcconfig */;
			buildSettings = {
				ASSETCATALOG_COMPILER_APPICON_NAME = AppIcon;
				CODE_SIGN_STYLE = Automatic;
				DEVELOPMENT_TEAM = LUT4N73CY2;
				INFOPLIST_FILE = "$(SRCROOT)/EasynvestSimulator/Supporting Files/Info.plist";
				IPHONEOS_DEPLOYMENT_TARGET = 11.0;
				LD_RUNPATH_SEARCH_PATHS = (
					"$(inherited)",
					"@executable_path/Frameworks",
				);
				PRODUCT_BUNDLE_IDENTIFIER = br.com.jgbrittos.EasynvestSimulator;
				PRODUCT_NAME = "$(TARGET_NAME)";
				SWIFT_VERSION = 4.2;
				TARGETED_DEVICE_FAMILY = "1,2";
			};
			name = Release;
		};
		C382F76921C4379500886836 /* Debug */ = {
			isa = XCBuildConfiguration;
			buildSettings = {
				ALWAYS_EMBED_SWIFT_STANDARD_LIBRARIES = YES;
				BUNDLE_LOADER = "$(TEST_HOST)";
				CODE_SIGN_STYLE = Automatic;
				DEVELOPMENT_TEAM = EPBUFAY79H;
				INFOPLIST_FILE = EasynvestSimulatorTests/Info.plist;
				LD_RUNPATH_SEARCH_PATHS = (
					"$(inherited)",
					"@executable_path/Frameworks",
					"@loader_path/Frameworks",
				);
				PRODUCT_BUNDLE_IDENTIFIER = br.com.jgbrittos.EasynvestSimulatorTests;
				PRODUCT_NAME = "$(TARGET_NAME)";
				SWIFT_VERSION = 4.2;
				TARGETED_DEVICE_FAMILY = "1,2";
				TEST_HOST = "$(BUILT_PRODUCTS_DIR)/EasynvestSimulator.app/EasynvestSimulator";
			};
			name = Debug;
		};
		C382F76A21C4379500886836 /* Release */ = {
			isa = XCBuildConfiguration;
			buildSettings = {
				ALWAYS_EMBED_SWIFT_STANDARD_LIBRARIES = YES;
				BUNDLE_LOADER = "$(TEST_HOST)";
				CODE_SIGN_STYLE = Automatic;
				DEVELOPMENT_TEAM = EPBUFAY79H;
				INFOPLIST_FILE = EasynvestSimulatorTests/Info.plist;
				LD_RUNPATH_SEARCH_PATHS = (
					"$(inherited)",
					"@executable_path/Frameworks",
					"@loader_path/Frameworks",
				);
				PRODUCT_BUNDLE_IDENTIFIER = br.com.jgbrittos.EasynvestSimulatorTests;
				PRODUCT_NAME = "$(TARGET_NAME)";
				SWIFT_VERSION = 4.2;
				TARGETED_DEVICE_FAMILY = "1,2";
				TEST_HOST = "$(BUILT_PRODUCTS_DIR)/EasynvestSimulator.app/EasynvestSimulator";
			};
			name = Release;
		};
/* End XCBuildConfiguration section */

/* Begin XCConfigurationList section */
		C382F74321C4379300886836 /* Build configuration list for PBXProject "EasynvestSimulator" */ = {
			isa = XCConfigurationList;
			buildConfigurations = (
				C382F76321C4379500886836 /* Debug */,
				C382F76421C4379500886836 /* Release */,
			);
			defaultConfigurationIsVisible = 0;
			defaultConfigurationName = Release;
		};
		C382F76521C4379500886836 /* Build configuration list for PBXNativeTarget "EasynvestSimulator" */ = {
			isa = XCConfigurationList;
			buildConfigurations = (
				C382F76621C4379500886836 /* Debug */,
				C382F76721C4379500886836 /* Release */,
			);
			defaultConfigurationIsVisible = 0;
			defaultConfigurationName = Release;
		};
		C382F76821C4379500886836 /* Build configuration list for PBXNativeTarget "EasynvestSimulatorTests" */ = {
			isa = XCConfigurationList;
			buildConfigurations = (
				C382F76921C4379500886836 /* Debug */,
				C382F76A21C4379500886836 /* Release */,
			);
			defaultConfigurationIsVisible = 0;
			defaultConfigurationName = Release;
		};
/* End XCConfigurationList section */
	};
	rootObject = C382F74021C4379300886836 /* Project object */;
}
